
Microsoft Visual Studio Solution File, Format Version 12.00
# Visual Studio Version 16
VisualStudioVersion = 16.0.31911.196
MinimumVisualStudioVersion = 10.0.40219.1
Project("{8BC9CEB8-8B4A-11D0-8D11-00A0C91BC942}") = "Project1", "Project1\Project1.vcxproj", "{33ECFA3A-604D-4271-93CB-26999735B278}"
EndProject
Project("{8BC9CEB8-8B4A-11D0-8D11-00A0C91BC942}") = "Project2", "Project2\Project2.vcxproj", "{3E7741D9-16AE-475C-965E-971B0F9887D6}"
EndProject
Global
	GlobalSection(SolutionConfigurationPlatforms) = preSolution
		Debug|x64 = Debug|x64
		Debug|x86 = Debug|x86
		Release|x64 = Release|x64
		Release|x86 = Release|x86
	EndGlobalSection
	GlobalSection(ProjectConfigurationPlatforms) = postSolution
		{33ECFA3A-604D-4271-93CB-26999735B278}.Debug|x64.ActiveCfg = Debug|x64
		{33ECFA3A-604D-4271-93CB-26999735B278}.Debug|x64.Build.0 = Debug|x64
		{33ECFA3A-604D-4271-93CB-26999735B278}.Debug|x86.ActiveCfg = Debug|Win32
		{33ECFA3A-604D-4271-93CB-26999735B278}.Debug|x86.Build.0 = Debug|Win32
		{33ECFA3A-604D-4271-93CB-26999735B278}.Release|x64.ActiveCfg = Release|x64
		{33ECFA3A-604D-4271-93CB-26999735B278}.Release|x64.Build.0 = Release|x64
		{33ECFA3A-604D-4271-93CB-26999735B278}.Release|x86.ActiveCfg = Release|Win32
		{33ECFA3A-604D-4271-93CB-26999735B278}.Release|x86.Build.0 = Release|Win32
		{3E7741D9-16AE-475C-965E-971B0F9887D6}.Debug|x64.ActiveCfg = Debug|x64
		{3E7741D9-16AE-475C-965E-971B0F9887D6}.Debug|x64.Build.0 = Debug|x64
		{3E7741D9-16AE-475C-965E-971B0F9887D6}.Debug|x86.ActiveCfg = Debug|Win32
		{3E7741D9-16AE-475C-965E-971B0F9887D6}.Debug|x86.Build.0 = Debug|Win32
		{3E7741D9-16AE-475C-965E-971B0F9887D6}.Release|x64.ActiveCfg = Release|x64
		{3E7741D9-16AE-475C-965E-971B0F9887D6}.Release|x64.Build.0 = Release|x64
		{3E7741D9-16AE-475C-965E-971B0F9887D6}.Release|x86.ActiveCfg = Release|Win32
		{3E7741D9-16AE-475C-965E-971B0F9887D6}.Release|x86.Build.0 = Release|Win32
	EndGlobalSection
	GlobalSection(SolutionProperties) = preSolution
		HideSolutionNode = FALSE
	EndGlobalSection
	GlobalSection(ExtensibilityGlobals) = postSolution
		SolutionGuid = {E43DFEE3-BF47-4341-BC85-CBF3BD182C6F}
	EndGlobalSection
EndGlobal
